
Microsoft Visual Studio Solution File, Format Version 12.00
# Visual Studio Version 17
VisualStudioVersion = 17.0.31521.260
MinimumVisualStudioVersion = 10.0.40219.1
Project("{9A19103F-16F7-4668-BE54-9A1E7A4F7556}") = "NStorage", "NStorage\NStorage.csproj", "{A3E94330-A00C-4E1B-A9D3-6E2F2FCBFB16}"
EndProject
Project("{2150E333-8FDC-42A3-9474-1A3956D46DE8}") = "SampleApplications", "SampleApplications", "{3D2AD4C5-98AA-4584-BB9B-44CD0B100555}"
EndProject
Project("{2150E333-8FDC-42A3-9474-1A3956D46DE8}") = "Tests", "Tests", "{BED6DFBE-5ED8-4FE5-93F4-8F685F159811}"
EndProject
Project("{FAE04EC0-301F-11D3-BF4B-00C04F79EFBC}") = "NStorage.Samples.FastFolderBackup", "SampleApplications\NStorage.Samples.FastFolderBackup\NStorage.Samples.FastFolderBackup.csproj", "{AC95550E-C894-4E3E-826D-FC51B027E095}"
EndProject
Project("{9A19103F-16F7-4668-BE54-9A1E7A4F7556}") = "NStorage.Samples.EventListenerDemo", "SampleApplications\NStorage.Samples.EventListenerDemo\NStorage.Samples.EventListenerDemo.csproj", "{C37F4CA1-15BB-4BE3-BCF0-604333E974DD}"
EndProject
Project("{9A19103F-16F7-4668-BE54-9A1E7A4F7556}") = "NStorage.Tests", "Tests\NStorage.Tests\NStorage.Tests.csproj", "{8C016F7D-0E30-47A0-B0C3-8ED8B0C0C59A}"
EndProject
Project("{9A19103F-16F7-4668-BE54-9A1E7A4F7556}") = "NStorage.Tests.Common", "Tests\NStorage.Tests.Common\NStorage.Tests.Common.csproj", "{360EEC32-B31C-4857-A172-0186B39526E8}"
EndProject
Project("{9A19103F-16F7-4668-BE54-9A1E7A4F7556}") = "NStorage.Tests.Benchmarks", "Tests\NStorage.Tests.Benchmarks\NStorage.Tests.Benchmarks.csproj", "{75144483-6F36-4875-888C-72EE552F9342}"
EndProject
Global
	GlobalSection(SolutionConfigurationPlatforms) = preSolution
		Debug|Any CPU = Debug|Any CPU
		Release|Any CPU = Release|Any CPU
	EndGlobalSection
	GlobalSection(ProjectConfigurationPlatforms) = postSolution
		{A3E94330-A00C-4E1B-A9D3-6E2F2FCBFB16}.Debug|Any CPU.ActiveCfg = Debug|Any CPU
		{A3E94330-A00C-4E1B-A9D3-6E2F2FCBFB16}.Debug|Any CPU.Build.0 = Debug|Any CPU
		{A3E94330-A00C-4E1B-A9D3-6E2F2FCBFB16}.Release|Any CPU.ActiveCfg = Release|Any CPU
		{A3E94330-A00C-4E1B-A9D3-6E2F2FCBFB16}.Release|Any CPU.Build.0 = Release|Any CPU
		{AC95550E-C894-4E3E-826D-FC51B027E095}.Debug|Any CPU.ActiveCfg = Debug|Any CPU
		{AC95550E-C894-4E3E-826D-FC51B027E095}.Debug|Any CPU.Build.0 = Debug|Any CPU
		{AC95550E-C894-4E3E-826D-FC51B027E095}.Release|Any CPU.ActiveCfg = Release|Any CPU
		{AC95550E-C894-4E3E-826D-FC51B027E095}.Release|Any CPU.Build.0 = Release|Any CPU
		{C37F4CA1-15BB-4BE3-BCF0-604333E974DD}.Debug|Any CPU.ActiveCfg = Debug|Any CPU
		{C37F4CA1-15BB-4BE3-BCF0-604333E974DD}.Debug|Any CPU.Build.0 = Debug|Any CPU
		{C37F4CA1-15BB-4BE3-BCF0-604333E974DD}.Release|Any CPU.ActiveCfg = Release|Any CPU
		{C37F4CA1-15BB-4BE3-BCF0-604333E974DD}.Release|Any CPU.Build.0 = Release|Any CPU
		{8C016F7D-0E30-47A0-B0C3-8ED8B0C0C59A}.Debug|Any CPU.ActiveCfg = Debug|Any CPU
		{8C016F7D-0E30-47A0-B0C3-8ED8B0C0C59A}.Debug|Any CPU.Build.0 = Debug|Any CPU
		{8C016F7D-0E30-47A0-B0C3-8ED8B0C0C59A}.Release|Any CPU.ActiveCfg = Release|Any CPU
		{8C016F7D-0E30-47A0-B0C3-8ED8B0C0C59A}.Release|Any CPU.Build.0 = Release|Any CPU
		{360EEC32-B31C-4857-A172-0186B39526E8}.Debug|Any CPU.ActiveCfg = Debug|Any CPU
		{360EEC32-B31C-4857-A172-0186B39526E8}.Debug|Any CPU.Build.0 = Debug|Any CPU
		{360EEC32-B31C-4857-A172-0186B39526E8}.Release|Any CPU.ActiveCfg = Release|Any CPU
		{360EEC32-B31C-4857-A172-0186B39526E8}.Release|Any CPU.Build.0 = Release|Any CPU
		{75144483-6F36-4875-888C-72EE552F9342}.Debug|Any CPU.ActiveCfg = Debug|Any CPU
		{75144483-6F36-4875-888C-72EE552F9342}.Debug|Any CPU.Build.0 = Debug|Any CPU
		{75144483-6F36-4875-888C-72EE552F9342}.Release|Any CPU.ActiveCfg = Release|Any CPU
		{75144483-6F36-4875-888C-72EE552F9342}.Release|Any CPU.Build.0 = Release|Any CPU
	EndGlobalSection
	GlobalSection(SolutionProperties) = preSolution
		HideSolutionNode = FALSE
	EndGlobalSection
	GlobalSection(NestedProjects) = preSolution
		{AC95550E-C894-4E3E-826D-FC51B027E095} = {3D2AD4C5-98AA-4584-BB9B-44CD0B100555}
		{C37F4CA1-15BB-4BE3-BCF0-604333E974DD} = {3D2AD4C5-98AA-4584-BB9B-44CD0B100555}
		{8C016F7D-0E30-47A0-B0C3-8ED8B0C0C59A} = {BED6DFBE-5ED8-4FE5-93F4-8F685F159811}
		{360EEC32-B31C-4857-A172-0186B39526E8} = {BED6DFBE-5ED8-4FE5-93F4-8F685F159811}
		{75144483-6F36-4875-888C-72EE552F9342} = {BED6DFBE-5ED8-4FE5-93F4-8F685F159811}
	EndGlobalSection
	GlobalSection(ExtensibilityGlobals) = postSolution
		SolutionGuid = {852C775A-4C27-4FF7-B7BA-891C3D6EE4F5}
	EndGlobalSection
EndGlobal
